hash: f00f913dfce4d590544977e074aa73cd38d42b6868dce341d905be44d4eef01c
updated: 2019-10-01T09:26:34.113124+02:00
imports:
- name: github.com/casbin/casbin
  version: d71629e497929858300c38cd442098c178121c30
  subpackages:
  - config
  - effect
  - model
  - persist
  - persist/file-adapter
  - rbac
  - rbac/default-role-manager
  - util
- name: github.com/go-stack/stack
  version: 2fee6af1a9795aafbe0253a0cfbdf668e1fb8a9a
- name: github.com/golang/snappy
  version: 2a8bb927dd31d8daada140a5d09578521ce5c36a
- name: github.com/Knetic/govaluate
  version: 9aa49832a739dcd78a5542ff189fb82c3e423116
- name: github.com/pkg/errors
  version: ba968bfe8b2f7e042a574c888954fccecfa385b4
- name: github.com/xdg/scram
  version: 7eeb5667e42c09cb51bf7b7c28aea8c56767da90
- name: github.com/xdg/stringprep
  version: 73f8eece6fdcd902c185bf651de50f3828bed5ed
- name: go.mongodb.org/mongo-driver
  version: c520d023af0a89aec8b7f97717b52da270df2c38
  subpackages:
  - bson
  - bson/bsoncodec
  - bson/bsonrw
  - bson/bsontype
  - bson/primitive
  - event
  - internal
  - mongo
  - mongo/options
  - mongo/readconcern
  - mongo/readpref
  - mongo/writeconcern
  - tag
  - version
  - x/bsonx
  - x/bsonx/bsoncore
  - x/mongo/driver
  - x/mongo/driver/address
  - x/mongo/driver/auth
  - x/mongo/driver/auth/internal/gssapi
  - x/mongo/driver/connstring
  - x/mongo/driver/description
  - x/mongo/driver/dns
  - x/mongo/driver/operation
  - x/mongo/driver/session
  - x/mongo/driver/topology
  - x/mongo/driver/uuid
  - x/mongo/driver/wiremessage
- name: golang.org/x/crypto
  version: cc06ce4a13d484c0101a9e92913248488a75786d
  subpackages:
  - pbkdf2
- name: golang.org/x/sync
  version: 112230192c580c3556b8cee6403af37a4fc5f28c
  subpackages:
  - semaphore
- name: golang.org/x/text
  version: 342b2e1fbaa52c93f31447ad2c6abc048c63e475
  subpackages:
  - transform
  - unicode/norm
testImports: []
